# This file is automatically @generated by Cargo.
# It is not intended for manual editing.
[[package]]
name = "bitflags"
version = "1.2.1"
source = "registry+https://github.com/rust-lang/crates.io-index"
checksum = "cf1de2fe8c75bc145a2f577add951f8134889b4795d47466a54a5c846d691693"

[[package]]
name = "byteorder"
version = "1.4.3"
source = "registry+https://github.com/rust-lang/crates.io-index"
checksum = "14c189c53d098945499cdfa7ecc63567cf3886b3332b312a5b4585d8d3a6a610"

[[package]]
name = "i2c-linux"
version = "0.1.2"
source = "registry+https://github.com/rust-lang/crates.io-index"
checksum = "c0268a871aaa071221d6c2875ebedcf64710e59b0d87c68c8faf5e98b87dd2a4"
dependencies = [
 "bitflags",
 "i2c-linux-sys",
 "resize-slice",
]

[[package]]
name = "i2c-linux-sys"
version = "0.2.0"
source = "registry+https://github.com/rust-lang/crates.io-index"
checksum = "72b70fd3d30157850c87f4c7c09c0857d9c2e8c996bcbe23ec1299126e0479ec"
dependencies = [
 "bitflags",
 "byteorder",
 "libc",
]

[[package]]
name = "libc"
version = "0.2.93"
source = "registry+https://github.com/rust-lang/crates.io-index"
checksum = "9385f66bf6105b241aa65a61cb923ef20efc665cb9f9bb50ac2f0c4b7f378d41"

[[package]]
name = "resize-slice"
version = "0.1.3"
source = "registry+https://github.com/rust-lang/crates.io-index"
checksum = "8a3cb2f74a9891e76958b9e0ccd269a25b466c3ae3bb3efd71db157248308c4a"
dependencies = [
 "uninitialized",
]

[[package]]
name = "temp-shower"
version = "0.1.0"
dependencies = [
 "i2c-linux",
]

[[package]]
name = "uninitialized"
version = "0.0.2"
source = "registry+https://github.com/rust-lang/crates.io-index"
checksum = "74c1aa4511c38276c548406f0b1f5f8b793f000cfb51e18f278a102abd057e81"
