# This file is automatically @generated by Cargo.
# It is not intended for manual editing.
[[package]]
name = "paste"
version = "1.0.5"
source = "registry+https://github.com/rust-lang/crates.io-index"
checksum = "acbf547ad0c65e31259204bd90935776d1c693cec2f4ff7abb7a1bbbd40dfe58"

[[package]]
name = "proc-macro2"
version = "1.0.26"
source = "registry+https://github.com/rust-lang/crates.io-index"
checksum = "a152013215dca273577e18d2bf00fa862b89b24169fb78c4c95aeb07992c9cec"
dependencies = [
 "unicode-xid",
]

[[package]]
name = "quote"
version = "1.0.9"
source = "registry+https://github.com/rust-lang/crates.io-index"
checksum = "c3d0b9745dc2debf507c8422de05d7226cc1f0644216dfdfead988f9b1ab32a7"
dependencies = [
 "proc-macro2",
]

[[package]]
name = "ruspiro-gpio"
version = "0.4.1"
source = "registry+https://github.com/rust-lang/crates.io-index"
checksum = "1fb6d071b1e951ddf413780b27867f4f3de1c6b1dbe5a71cf0405b0fb0d34987"
dependencies = [
 "ruspiro-interrupt",
 "ruspiro-register",
 "ruspiro-singleton",
]

[[package]]
name = "ruspiro-i2c"
version = "0.3.1"
source = "registry+https://github.com/rust-lang/crates.io-index"
checksum = "7fef60fecba98d2e6b1983e0115a2d15e376197e6b83699cae016e9a9448b689"
dependencies = [
 "ruspiro-gpio",
 "ruspiro-register",
 "ruspiro-singleton",
 "ruspiro-timer",
]

[[package]]
name = "ruspiro-interrupt"
version = "0.3.1"
source = "registry+https://github.com/rust-lang/crates.io-index"
checksum = "7693a40b66cd0f502d03f16265ba97305b040f37e0379e27d11df2f622fa391f"
dependencies = [
 "paste",
 "ruspiro-interrupt-core",
 "ruspiro-interrupt-macros",
 "ruspiro-register",
 "ruspiro-singleton",
]

[[package]]
name = "ruspiro-interrupt-core"
version = "0.3.1"
source = "registry+https://github.com/rust-lang/crates.io-index"
checksum = "7a66c32c121cae6b350b8af3c5eac9c075432c45c1b2720a4260ee35cde5b5c7"

[[package]]
name = "ruspiro-interrupt-macros"
version = "0.2.2"
source = "registry+https://github.com/rust-lang/crates.io-index"
checksum = "b930edfe35049ba957009e98e72e1a8fe09bbd93ac0eb3c8806519423ec4c689"
dependencies = [
 "quote",
 "syn",
]

[[package]]
name = "ruspiro-lock"
version = "0.3.3"
source = "registry+https://github.com/rust-lang/crates.io-index"
checksum = "28a74399234c9f843b72a0a9e081d2723239c9b6b7cbd53a28a23feedaa875f8"

[[package]]
name = "ruspiro-register"
version = "0.4.3"
source = "registry+https://github.com/rust-lang/crates.io-index"
checksum = "2f9d381ef762a2b346341851a4160d08052ead61ddbad8cafa14b86b2ea2d338"

[[package]]
name = "ruspiro-singleton"
version = "0.3.1"
source = "registry+https://github.com/rust-lang/crates.io-index"
checksum = "efd974e18daa37ac41fae758cc3dc3d54cd1193896ffa6fc2f3afd5663f5e2da"
dependencies = [
 "ruspiro-lock",
]

[[package]]
name = "ruspiro-timer"
version = "0.4.1"
source = "registry+https://github.com/rust-lang/crates.io-index"
checksum = "2b2122424cd4e58627bdbf803f43ed649daa12c4988ac3930584ed3ad3ea1c0a"
dependencies = [
 "ruspiro-interrupt",
 "ruspiro-register",
 "ruspiro-singleton",
]

[[package]]
name = "syn"
version = "1.0.69"
source = "registry+https://github.com/rust-lang/crates.io-index"
checksum = "48fe99c6bd8b1cc636890bcc071842de909d902c81ac7dab53ba33c421ab8ffb"
dependencies = [
 "proc-macro2",
 "quote",
 "unicode-xid",
]

[[package]]
name = "temp-shower"
version = "0.1.0"
dependencies = [
 "ruspiro-i2c",
]

[[package]]
name = "unicode-xid"
version = "0.2.1"
source = "registry+https://github.com/rust-lang/crates.io-index"
checksum = "f7fe0bb3479651439c9112f72b6c505038574c9fbb575ed1bf3b797fa39dd564"
